
Microsoft Visual Studio Solution File, Format Version 12.00
# Visual Studio Version 17
VisualStudioVersion = 17.6.33723.286
MinimumVisualStudioVersion = 10.0.40219.1
Project("{8BC9CEB8-8B4A-11D0-8D11-00A0C91BC942}") = "sm3test", "sm3test.vcxproj", "{700FF8A2-A214-416E-8C85-662D3F6327FF}"
EndProject
Project("{8BC9CEB8-8B4A-11D0-8D11-00A0C91BC942}") = "sm4test", "sm4test.vcxproj", "{CF135AE7-A33C-4BB2-8C18-B2083E2B5A9E}"
EndProject
Project("{8BC9CEB8-8B4A-11D0-8D11-00A0C91BC942}") = "zuctest", "zuctest.vcxproj", "{BBB92A87-962F-4822-ACF8-524F2770E23D}"
EndProject
Project("{8BC9CEB8-8B4A-11D0-8D11-00A0C91BC942}") = "core", "core.vcxproj", "{D7C58743-142E-4A9A-AC7A-EEFF4EB3C92A}"
EndProject
Project("{8BC9CEB8-8B4A-11D0-8D11-00A0C91BC942}") = "sm2test", "sm2test.vcxproj", "{964318D6-A4F6-455D-9D1A-E8533BD89E20}"
EndProject
Project("{8BC9CEB8-8B4A-11D0-8D11-00A0C91BC942}") = "primefieldtest", "primefieldtest.vcxproj", "{062360DE-6D98-4850-B69F-1581C6FD4872}"
EndProject
Global
	GlobalSection(SolutionConfigurationPlatforms) = preSolution
		Debug|x64 = Debug|x64
		Debug|x86 = Debug|x86
		Release|x64 = Release|x64
		Release|x86 = Release|x86
	EndGlobalSection
	GlobalSection(ProjectConfigurationPlatforms) = postSolution
		{700FF8A2-A214-416E-8C85-662D3F6327FF}.Debug|x64.ActiveCfg = Debug|x64
		{700FF8A2-A214-416E-8C85-662D3F6327FF}.Debug|x64.Build.0 = Debug|x64
		{700FF8A2-A214-416E-8C85-662D3F6327FF}.Debug|x86.ActiveCfg = Debug|x64
		{700FF8A2-A214-416E-8C85-662D3F6327FF}.Debug|x86.Build.0 = Debug|x64
		{700FF8A2-A214-416E-8C85-662D3F6327FF}.Release|x64.ActiveCfg = Release|x64
		{700FF8A2-A214-416E-8C85-662D3F6327FF}.Release|x64.Build.0 = Release|x64
		{700FF8A2-A214-416E-8C85-662D3F6327FF}.Release|x86.ActiveCfg = Release|x64
		{700FF8A2-A214-416E-8C85-662D3F6327FF}.Release|x86.Build.0 = Release|x64
		{CF135AE7-A33C-4BB2-8C18-B2083E2B5A9E}.Debug|x64.ActiveCfg = Debug|x64
		{CF135AE7-A33C-4BB2-8C18-B2083E2B5A9E}.Debug|x64.Build.0 = Debug|x64
		{CF135AE7-A33C-4BB2-8C18-B2083E2B5A9E}.Debug|x86.ActiveCfg = Debug|x64
		{CF135AE7-A33C-4BB2-8C18-B2083E2B5A9E}.Debug|x86.Build.0 = Debug|x64
		{CF135AE7-A33C-4BB2-8C18-B2083E2B5A9E}.Release|x64.ActiveCfg = Release|x64
		{CF135AE7-A33C-4BB2-8C18-B2083E2B5A9E}.Release|x64.Build.0 = Release|x64
		{CF135AE7-A33C-4BB2-8C18-B2083E2B5A9E}.Release|x86.ActiveCfg = Release|x64
		{CF135AE7-A33C-4BB2-8C18-B2083E2B5A9E}.Release|x86.Build.0 = Release|x64
		{BBB92A87-962F-4822-ACF8-524F2770E23D}.Debug|x64.ActiveCfg = Debug|x64
		{BBB92A87-962F-4822-ACF8-524F2770E23D}.Debug|x64.Build.0 = Debug|x64
		{BBB92A87-962F-4822-ACF8-524F2770E23D}.Debug|x86.ActiveCfg = Debug|x64
		{BBB92A87-962F-4822-ACF8-524F2770E23D}.Debug|x86.Build.0 = Debug|x64
		{BBB92A87-962F-4822-ACF8-524F2770E23D}.Release|x64.ActiveCfg = Release|x64
		{BBB92A87-962F-4822-ACF8-524F2770E23D}.Release|x64.Build.0 = Release|x64
		{BBB92A87-962F-4822-ACF8-524F2770E23D}.Release|x86.ActiveCfg = Release|x64
		{BBB92A87-962F-4822-ACF8-524F2770E23D}.Release|x86.Build.0 = Release|x64
		{D7C58743-142E-4A9A-AC7A-EEFF4EB3C92A}.Debug|x64.ActiveCfg = Debug|x64
		{D7C58743-142E-4A9A-AC7A-EEFF4EB3C92A}.Debug|x64.Build.0 = Debug|x64
		{D7C58743-142E-4A9A-AC7A-EEFF4EB3C92A}.Debug|x86.ActiveCfg = Debug|x64
		{D7C58743-142E-4A9A-AC7A-EEFF4EB3C92A}.Debug|x86.Build.0 = Debug|x64
		{D7C58743-142E-4A9A-AC7A-EEFF4EB3C92A}.Release|x64.ActiveCfg = Release|x64
		{D7C58743-142E-4A9A-AC7A-EEFF4EB3C92A}.Release|x64.Build.0 = Release|x64
		{D7C58743-142E-4A9A-AC7A-EEFF4EB3C92A}.Release|x86.ActiveCfg = Release|x64
		{D7C58743-142E-4A9A-AC7A-EEFF4EB3C92A}.Release|x86.Build.0 = Release|x64
		{964318D6-A4F6-455D-9D1A-E8533BD89E20}.Debug|x64.ActiveCfg = Debug|x64
		{964318D6-A4F6-455D-9D1A-E8533BD89E20}.Debug|x64.Build.0 = Debug|x64
		{964318D6-A4F6-455D-9D1A-E8533BD89E20}.Debug|x86.ActiveCfg = Debug|x64
		{964318D6-A4F6-455D-9D1A-E8533BD89E20}.Debug|x86.Build.0 = Debug|x64
		{964318D6-A4F6-455D-9D1A-E8533BD89E20}.Release|x64.ActiveCfg = Release|x64
		{964318D6-A4F6-455D-9D1A-E8533BD89E20}.Release|x64.Build.0 = Release|x64
		{964318D6-A4F6-455D-9D1A-E8533BD89E20}.Release|x86.ActiveCfg = Release|x64
		{964318D6-A4F6-455D-9D1A-E8533BD89E20}.Release|x86.Build.0 = Release|x64
		{062360DE-6D98-4850-B69F-1581C6FD4872}.Debug|x64.ActiveCfg = Debug|x64
		{062360DE-6D98-4850-B69F-1581C6FD4872}.Debug|x64.Build.0 = Debug|x64
		{062360DE-6D98-4850-B69F-1581C6FD4872}.Debug|x86.ActiveCfg = Debug|x64
		{062360DE-6D98-4850-B69F-1581C6FD4872}.Debug|x86.Build.0 = Debug|x64
		{062360DE-6D98-4850-B69F-1581C6FD4872}.Release|x64.ActiveCfg = Release|x64
		{062360DE-6D98-4850-B69F-1581C6FD4872}.Release|x64.Build.0 = Release|x64
		{062360DE-6D98-4850-B69F-1581C6FD4872}.Release|x86.ActiveCfg = Release|x64
		{062360DE-6D98-4850-B69F-1581C6FD4872}.Release|x86.Build.0 = Release|x64
	EndGlobalSection
	GlobalSection(SolutionProperties) = preSolution
		HideSolutionNode = FALSE
	EndGlobalSection
	GlobalSection(ExtensibilityGlobals) = postSolution
		SolutionGuid = {1214964B-19F1-4E7C-BF5C-C23410E56168}
	EndGlobalSection
EndGlobal
