<?xml version="1.0" encoding="utf-8"?>
<Project ToolsVersion="4.0" xmlns="http://schemas.microsoft.com/developer/msbuild/2003">
  <ItemGroup>
    <Filter Include="源文件">
      <UniqueIdentifier>{435b6343-40f1-4591-b0f8-fcf98a344322}</UniqueIdentifier>
    </Filter>
    <Filter Include="头文件">
      <UniqueIdentifier>{28e26476-065d-41e6-b631-99f4bd390c36}</UniqueIdentifier>
    </Filter>
  </ItemGroup>
  <ItemGroup>
    <ClCompile Include="..\src\test\sm4test.c">
      <Filter>源文件</Filter>
    </ClCompile>
    <ClCompile Include="..\src\gmalglib\sm4.c">
      <Filter>源文件</Filter>
    </ClCompile>
  </ItemGroup>
  <ItemGroup>
    <ClInclude Include="..\include\gmalglib\sm4.h">
      <Filter>头文件</Filter>
    </ClInclude>
  </ItemGroup>
</Project>